
Microsoft Visual Studio Solution File, Format Version 12.00
# Visual Studio Version 17
VisualStudioVersion = 17.11.35208.52
MinimumVisualStudioVersion = 10.0.40219.1
Project("{9A19103F-16F7-4668-BE54-9A1E7A4F7556}") = "SimpleCMS", "SimpleCMS.csproj", "{932E4821-9BDF-46DE-9D4F-B53E54D8796A}"
EndProject
Global
	GlobalSection(SolutionConfigurationPlatforms) = preSolution
		Debug|Any CPU = Debug|Any CPU
		Release|Any CPU = Release|Any CPU
	EndGlobalSection
	GlobalSection(ProjectConfigurationPlatforms) = postSolution
		{932E4821-9BDF-46DE-9D4F-B53E54D8796A}.Debug|Any CPU.ActiveCfg = Debug|Any CPU
		{932E4821-9BDF-46DE-9D4F-B53E54D8796A}.Debug|Any CPU.Build.0 = Debug|Any CPU
		{932E4821-9BDF-46DE-9D4F-B53E54D8796A}.Release|Any CPU.ActiveCfg = Release|Any CPU
		{932E4821-9BDF-46DE-9D4F-B53E54D8796A}.Release|Any CPU.Build.0 = Release|Any CPU
	EndGlobalSection
	GlobalSection(SolutionProperties) = preSolution
		HideSolutionNode = FALSE
	EndGlobalSection
	GlobalSection(ExtensibilityGlobals) = postSolution
		SolutionGuid = {BC6DAD21-6BBB-4E92-8AC0-62B6F35D4E8B}
	EndGlobalSection
EndGlobal
